
Microsoft Visual Studio Solution File, Format Version 12.00
# Visual Studio 15
VisualStudioVersion = 15.0.27428.2037
MinimumVisualStudioVersion = 10.0.40219.1
Project("{888888A0-9F3D-457C-B088-3A5042F75D52}") = "Billing", "Billing\Billing.pyproj", "{861AA880-80E2-4D5B-8BDE-557B0E6F5911}"
EndProject
Global
	GlobalSection(SolutionConfigurationPlatforms) = preSolution
		Debug|Any CPU = Debug|Any CPU
		Release|Any CPU = Release|Any CPU
	EndGlobalSection
	GlobalSection(ProjectConfigurationPlatforms) = postSolution
		{861AA880-80E2-4D5B-8BDE-557B0E6F5911}.Debug|Any CPU.ActiveCfg = Debug|Any CPU
		{861AA880-80E2-4D5B-8BDE-557B0E6F5911}.Debug|Any CPU.Build.0 = Debug|Any CPU
		{861AA880-80E2-4D5B-8BDE-557B0E6F5911}.Release|Any CPU.ActiveCfg = Release|Any CPU
		{861AA880-80E2-4D5B-8BDE-557B0E6F5911}.Release|Any CPU.Build.0 = Release|Any CPU
	EndGlobalSection
	GlobalSection(SolutionProperties) = preSolution
		HideSolutionNode = FALSE
	EndGlobalSection
	GlobalSection(ExtensibilityGlobals) = postSolution
		SolutionGuid = {40589339-220E-4189-A737-D79624E05818}
	EndGlobalSection
EndGlobal
